
Microsoft Visual Studio Solution File, Format Version 12.00
# Visual Studio Version 17
VisualStudioVersion = 17.1.32421.90
MinimumVisualStudioVersion = 10.0.40219.1
Project("{FAE04EC0-301F-11D3-BF4B-00C04F79EFBC}") = "Accesso casuale del file", "Accesso casuale del file\Accesso casuale del file.csproj", "{10D29145-2082-4085-80EB-3B14886E236B}"
EndProject
Global
	GlobalSection(SolutionConfigurationPlatforms) = preSolution
		Debug|Any CPU = Debug|Any CPU
		Release|Any CPU = Release|Any CPU
	EndGlobalSection
	GlobalSection(ProjectConfigurationPlatforms) = postSolution
		{10D29145-2082-4085-80EB-3B14886E236B}.Debug|Any CPU.ActiveCfg = Debug|Any CPU
		{10D29145-2082-4085-80EB-3B14886E236B}.Debug|Any CPU.Build.0 = Debug|Any CPU
		{10D29145-2082-4085-80EB-3B14886E236B}.Release|Any CPU.ActiveCfg = Release|Any CPU
		{10D29145-2082-4085-80EB-3B14886E236B}.Release|Any CPU.Build.0 = Release|Any CPU
	EndGlobalSection
	GlobalSection(SolutionProperties) = preSolution
		HideSolutionNode = FALSE
	EndGlobalSection
	GlobalSection(ExtensibilityGlobals) = postSolution
		SolutionGuid = {2EB81BE3-76C3-462D-BCAE-FE8A9A11D731}
	EndGlobalSection
EndGlobal
